
Microsoft Visual Studio Solution File, Format Version 12.00
# Visual Studio Version 17
VisualStudioVersion = 17.2.32630.192
MinimumVisualStudioVersion = 10.0.40219.1
Project("{8BC9CEB8-8B4A-11D0-8D11-00A0C91BC942}") = "Game", "Game\Game.vcxproj", "{CDE0C17E-65DA-4998-9366-4EBCD5AE2526}"
EndProject
Global
	GlobalSection(SolutionConfigurationPlatforms) = preSolution
		Debug|x64 = Debug|x64
		Debug|x86 = Debug|x86
		Release|x64 = Release|x64
		Release|x86 = Release|x86
	EndGlobalSection
	GlobalSection(ProjectConfigurationPlatforms) = postSolution
		{CDE0C17E-65DA-4998-9366-4EBCD5AE2526}.Debug|x64.ActiveCfg = Debug|x64
		{CDE0C17E-65DA-4998-9366-4EBCD5AE2526}.Debug|x64.Build.0 = Debug|x64
		{CDE0C17E-65DA-4998-9366-4EBCD5AE2526}.Debug|x86.ActiveCfg = Debug|Win32
		{CDE0C17E-65DA-4998-9366-4EBCD5AE2526}.Debug|x86.Build.0 = Debug|Win32
		{CDE0C17E-65DA-4998-9366-4EBCD5AE2526}.Release|x64.ActiveCfg = Release|x64
		{CDE0C17E-65DA-4998-9366-4EBCD5AE2526}.Release|x64.Build.0 = Release|x64
		{CDE0C17E-65DA-4998-9366-4EBCD5AE2526}.Release|x86.ActiveCfg = Release|Win32
		{CDE0C17E-65DA-4998-9366-4EBCD5AE2526}.Release|x86.Build.0 = Release|Win32
	EndGlobalSection
	GlobalSection(SolutionProperties) = preSolution
		HideSolutionNode = FALSE
	EndGlobalSection
	GlobalSection(ExtensibilityGlobals) = postSolution
		SolutionGuid = {5F312019-0A24-4BA0-A1AA-CB101D4EBCF3}
	EndGlobalSection
EndGlobal
